
Microsoft Visual Studio Solution File, Format Version 12.00
# Visual Studio Version 17
VisualStudioVersion = 17.14.36414.22 d17.14
MinimumVisualStudioVersion = 10.0.40219.1
Project("{FAE04EC0-301F-11D3-BF4B-00C04F79EFBC}") = "GestionMagasinDVD", "GestionMagasinDVD\GestionMagasinDVD.csproj", "{693475DF-6721-4841-B605-900CF30115DA}"
EndProject
Global
	GlobalSection(SolutionConfigurationPlatforms) = preSolution
		Debug|Any CPU = Debug|Any CPU
		Release|Any CPU = Release|Any CPU
	EndGlobalSection
	GlobalSection(ProjectConfigurationPlatforms) = postSolution
		{693475DF-6721-4841-B605-900CF30115DA}.Debug|Any CPU.ActiveCfg = Debug|Any CPU
		{693475DF-6721-4841-B605-900CF30115DA}.Debug|Any CPU.Build.0 = Debug|Any CPU
		{693475DF-6721-4841-B605-900CF30115DA}.Release|Any CPU.ActiveCfg = Release|Any CPU
		{693475DF-6721-4841-B605-900CF30115DA}.Release|Any CPU.Build.0 = Release|Any CPU
	EndGlobalSection
	GlobalSection(SolutionProperties) = preSolution
		HideSolutionNode = FALSE
	EndGlobalSection
	GlobalSection(ExtensibilityGlobals) = postSolution
		SolutionGuid = {6B19CA89-5A02-42A6-B1C1-6E2DAA5E3B27}
	EndGlobalSection
EndGlobal
